{
  "name": "taiwan-political-election-map-v6-1-1-immediate-sync",
  "version": "6.1.1",
  "lockfileVersion": 3,
  "requires": true,
  "packages": {
    "": {
      "name": "taiwan-political-election-map-v6-1-1-immediate-sync",
      "version": "6.1.1",
      "license": "MIT",
      "engines": {
        "node": ">=20"
      }
    }
  }
}
